
Microsoft Visual Studio Solution File, Format Version 12.00
Project("{FAE04EC0-301F-11D3-BF4B-00C04F79EFBC}") = "FiscalApi.Domain", "FiscalApi.Domain\FiscalApi.Domain.csproj", "{89325615-38F8-4840-9895-65DAD0C7D4F2}"
EndProject
Project("{FAE04EC0-301F-11D3-BF4B-00C04F79EFBC}") = "FiscalApi.Application", "FiscalApi.Application\FiscalApi.Application.csproj", "{F0B7D45E-AE82-4647-AB0C-362E4BA972FA}"
EndProject
Project("{FAE04EC0-301F-11D3-BF4B-00C04F79EFBC}") = "FiscalApi.Infrastructure", "FiscalApi.Infrastructure\FiscalApi.Infrastructure.csproj", "{95AC74DA-D1DF-4F77-AC8E-9E8D301C6922}"
EndProject
Project("{FAE04EC0-301F-11D3-BF4B-00C04F79EFBC}") = "FiscalApi.Api", "FiscalApi.Api\FiscalApi.Api.csproj", "{3D34CB18-31FE-4EC1-9523-F6AC1F9EE888}"
EndProject
Project("{FAE04EC0-301F-11D3-BF4B-00C04F79EFBC}") = "FiscalApi.Tests", "FiscalApi.Tests\FiscalApi.Tests.csproj", "{27D627F5-2050-458A-85BF-60FB1C8954EC}"
EndProject
Global
	GlobalSection(SolutionConfigurationPlatforms) = preSolution
		Debug|Any CPU = Debug|Any CPU
		Release|Any CPU = Release|Any CPU
	EndGlobalSection
	GlobalSection(ProjectConfigurationPlatforms) = postSolution
		{89325615-38F8-4840-9895-65DAD0C7D4F2}.Debug|Any CPU.ActiveCfg = Debug|Any CPU
		{89325615-38F8-4840-9895-65DAD0C7D4F2}.Debug|Any CPU.Build.0 = Debug|Any CPU
		{89325615-38F8-4840-9895-65DAD0C7D4F2}.Release|Any CPU.ActiveCfg = Release|Any CPU
		{89325615-38F8-4840-9895-65DAD0C7D4F2}.Release|Any CPU.Build.0 = Release|Any CPU
		{F0B7D45E-AE82-4647-AB0C-362E4BA972FA}.Debug|Any CPU.ActiveCfg = Debug|Any CPU
		{F0B7D45E-AE82-4647-AB0C-362E4BA972FA}.Debug|Any CPU.Build.0 = Debug|Any CPU
		{F0B7D45E-AE82-4647-AB0C-362E4BA972FA}.Release|Any CPU.ActiveCfg = Release|Any CPU
		{F0B7D45E-AE82-4647-AB0C-362E4BA972FA}.Release|Any CPU.Build.0 = Release|Any CPU
		{95AC74DA-D1DF-4F77-AC8E-9E8D301C6922}.Debug|Any CPU.ActiveCfg = Debug|Any CPU
		{95AC74DA-D1DF-4F77-AC8E-9E8D301C6922}.Debug|Any CPU.Build.0 = Debug|Any CPU
		{95AC74DA-D1DF-4F77-AC8E-9E8D301C6922}.Release|Any CPU.ActiveCfg = Release|Any CPU
		{95AC74DA-D1DF-4F77-AC8E-9E8D301C6922}.Release|Any CPU.Build.0 = Release|Any CPU
		{3D34CB18-31FE-4EC1-9523-F6AC1F9EE888}.Debug|Any CPU.ActiveCfg = Debug|Any CPU
		{3D34CB18-31FE-4EC1-9523-F6AC1F9EE888}.Debug|Any CPU.Build.0 = Debug|Any CPU
		{3D34CB18-31FE-4EC1-9523-F6AC1F9EE888}.Release|Any CPU.ActiveCfg = Release|Any CPU
		{3D34CB18-31FE-4EC1-9523-F6AC1F9EE888}.Release|Any CPU.Build.0 = Release|Any CPU
		{27D627F5-2050-458A-85BF-60FB1C8954EC}.Debug|Any CPU.ActiveCfg = Debug|Any CPU
		{27D627F5-2050-458A-85BF-60FB1C8954EC}.Debug|Any CPU.Build.0 = Debug|Any CPU
		{27D627F5-2050-458A-85BF-60FB1C8954EC}.Release|Any CPU.ActiveCfg = Release|Any CPU
		{27D627F5-2050-458A-85BF-60FB1C8954EC}.Release|Any CPU.Build.0 = Release|Any CPU
	EndGlobalSection
EndGlobal
